
Microsoft Visual Studio Solution File, Format Version 12.00
# Visual Studio 15
VisualStudioVersion = 15.0.27130.2036
MinimumVisualStudioVersion = 10.0.40219.1
Project("{FAE04EC0-301F-11D3-BF4B-00C04F79EFBC}") = "BotEducation", "BotEducation\BotEducation.csproj", "{9C938F57-F992-47F8-A824-5E9A2E6845AB}"
EndProject
Global
	GlobalSection(SolutionConfigurationPlatforms) = preSolution
		Debug|Any CPU = Debug|Any CPU
		Release|Any CPU = Release|Any CPU
	EndGlobalSection
	GlobalSection(ProjectConfigurationPlatforms) = postSolution
		{9C938F57-F992-47F8-A824-5E9A2E6845AB}.Debug|Any CPU.ActiveCfg = Debug|Any CPU
		{9C938F57-F992-47F8-A824-5E9A2E6845AB}.Debug|Any CPU.Build.0 = Debug|Any CPU
		{9C938F57-F992-47F8-A824-5E9A2E6845AB}.Release|Any CPU.ActiveCfg = Release|Any CPU
		{9C938F57-F992-47F8-A824-5E9A2E6845AB}.Release|Any CPU.Build.0 = Release|Any CPU
	EndGlobalSection
	GlobalSection(SolutionProperties) = preSolution
		HideSolutionNode = FALSE
	EndGlobalSection
	GlobalSection(ExtensibilityGlobals) = postSolution
		SolutionGuid = {48DE9A1A-58A1-4DF7-8C5C-23B04A7B4B1D}
	EndGlobalSection
EndGlobal
